
Microsoft Visual Studio Solution File, Format Version 12.00
# Visual Studio Version 17
VisualStudioVersion = 17.14.36414.22 d17.14
MinimumVisualStudioVersion = 10.0.40219.1
Project("{FAE04EC0-301F-11D3-BF4B-00C04F79EFBC}") = "hw9", "hw9.csproj", "{9DAA7D3D-2018-4800-BCDC-40D5185B763E}"
EndProject
Global
	GlobalSection(SolutionConfigurationPlatforms) = preSolution
		Debug|Any CPU = Debug|Any CPU
		Release|Any CPU = Release|Any CPU
	EndGlobalSection
	GlobalSection(ProjectConfigurationPlatforms) = postSolution
		{9DAA7D3D-2018-4800-BCDC-40D5185B763E}.Debug|Any CPU.ActiveCfg = Debug|Any CPU
		{9DAA7D3D-2018-4800-BCDC-40D5185B763E}.Debug|Any CPU.Build.0 = Debug|Any CPU
		{9DAA7D3D-2018-4800-BCDC-40D5185B763E}.Release|Any CPU.ActiveCfg = Release|Any CPU
		{9DAA7D3D-2018-4800-BCDC-40D5185B763E}.Release|Any CPU.Build.0 = Release|Any CPU
	EndGlobalSection
	GlobalSection(SolutionProperties) = preSolution
		HideSolutionNode = FALSE
	EndGlobalSection
	GlobalSection(ExtensibilityGlobals) = postSolution
		SolutionGuid = {2647E3B6-9673-4597-BC2E-AFC6993493C6}
	EndGlobalSection
EndGlobal
